// !$*UTF8*$!
{
	archiveVersion = 1;
	classes = {
	};
	objectVersion = 77;
	objects = {

/* Begin PBXBuildFile section */
		3629A5FB2D58B47100754947 /* Assets.xcassets in Resources */ = {isa = PBXBuildFile; fileRef = 3629A5F92D58B47100754947 /* Assets.xcassets */; };
		3629A6042D58B48900754947 /* CameraView.swift in Sources */ = {isa = PBXBuildFile; fileRef = 3629A6002D58B48900754947 /* CameraView.swift */; };
		3629A6052D58B48900754947 /* UIImageCameraEx.swift in Sources */ = {isa = PBXBuildFile; fileRef = 3629A5FD2D58B48900754947 /* UIImageCameraEx.swift */; };
		3629A6062D58B48900754947 /* MainDemoView.swift in Sources */ = {isa = PBXBuildFile; fileRef = 3629A6022D58B48900754947 /* MainDemoView.swift */; };
		3629A6072D58B48900754947 /* StatusOverlayView.swift in Sources */ = {isa = PBXBuildFile; fileRef = 3629A5FE2D58B48900754947 /* StatusOverlayView.swift */; };
		3629A6082D58B48900754947 /* ViewfinderView.swift in Sources */ = {isa = PBXBuildFile; fileRef = 3629A5FF2D58B48900754947 /* ViewfinderView.swift */; };
		3629A6092D58B48900754947 /* PhotoCameraDemoApp.swift in Sources */ = {isa = PBXBuildFile; fileRef = 3629A6032D58B48900754947 /* PhotoCameraDemoApp.swift */; };
		3629A60C2D58B49D00754947 /* PhotoCamera.framework in Frameworks */ = {isa = PBXBuildFile; fileRef = 3629A60B2D58B49D00754947 /* PhotoCamera.framework */; };
		3629A60D2D58B49D00754947 /* PhotoCamera.framework in Embed Frameworks */ = {isa = PBXBuildFile; fileRef = 3629A60B2D58B49D00754947 /* PhotoCamera.framework */; settings = {ATTRIBUTES = (CodeSignOnCopy, RemoveHeadersOnCopy, ); }; };
/* End PBXBuildFile section */

/* Begin PBXCopyFilesBuildPhase section */
		3629A60E2D58B49D00754947 /* Embed Frameworks */ = {
			isa = PBXCopyFilesBuildPhase;
			buildActionMask = 2147483647;
			dstPath = "";
			dstSubfolderSpec = 10;
			files = (
				3629A60D2D58B49D00754947 /* PhotoCamera.framework in Embed Frameworks */,
			);
			name = "Embed Frameworks";
			runOnlyForDeploymentPostprocessing = 0;
		};
/* End PBXCopyFilesBuildPhase section */

/* Begin PBXFileReference section */
		3629A5E82D58B36300754947 /* PhotoCameraDemo.app */ = {isa = PBXFileReference; explicitFileType = wrapper.application; includeInIndex = 0; path = PhotoCameraDemo.app; sourceTree = BUILT_PRODUCTS_DIR; };
		3629A5F92D58B47100754947 /* Assets.xcassets */ = {isa = PBXFileReference; lastKnownFileType = folder.assetcatalog; path = Assets.xcassets; sourceTree = "<group>"; };
		3629A5FD2D58B48900754947 /* UIImageCameraEx.swift */ = {isa = PBXFileReference; lastKnownFileType = sourcecode.swift; path = UIImageCameraEx.swift; sourceTree = "<group>"; };
		3629A5FE2D58B48900754947 /* StatusOverlayView.swift */ = {isa = PBXFileReference; lastKnownFileType = sourcecode.swift; path = StatusOverlayView.swift; sourceTree = "<group>"; };
		3629A5FF2D58B48900754947 /* ViewfinderView.swift */ = {isa = PBXFileReference; lastKnownFileType = sourcecode.swift; path = ViewfinderView.swift; sourceTree = "<group>"; };
		3629A6002D58B48900754947 /* CameraView.swift */ = {isa = PBXFileReference; lastKnownFileType = sourcecode.swift; path = CameraView.swift; sourceTree = "<group>"; };
		3629A6022D58B48900754947 /* MainDemoView.swift */ = {isa = PBXFileReference; lastKnownFileType = sourcecode.swift; path = MainDemoView.swift; sourceTree = "<group>"; };
		3629A6032D58B48900754947 /* PhotoCameraDemoApp.swift */ = {isa = PBXFileReference; lastKnownFileType = sourcecode.swift; path = PhotoCameraDemoApp.swift; sourceTree = "<group>"; };
		3629A60B2D58B49D00754947 /* PhotoCamera.framework */ = {isa = PBXFileReference; explicitFileType = wrapper.framework; path = PhotoCamera.framework; sourceTree = BUILT_PRODUCTS_DIR; };
/* End PBXFileReference section */

/* Begin PBXFrameworksBuildPhase section */
		3629A5E52D58B36300754947 /* Frameworks */ = {
			isa = PBXFrameworksBuildPhase;
			buildActionMask = 2147483647;
			files = (
				3629A60C2D58B49D00754947 /* PhotoCamera.framework in Frameworks */,
			);
			runOnlyForDeploymentPostprocessing = 0;
		};
/* End PBXFrameworksBuildPhase section */

/* Begin PBXGroup section */
		3629A5DF2D58B36300754947 = {
			isa = PBXGroup;
			children = (
				3629A5FA2D58B47100754947 /* PhotoCameraDemo */,
				3629A5E92D58B36300754947 /* Products */,
				3629A60A2D58B49D00754947 /* Frameworks */,
			);
			sourceTree = "<group>";
		};
		3629A5E92D58B36300754947 /* Products */ = {
			isa = PBXGroup;
			children = (
				3629A5E82D58B36300754947 /* PhotoCameraDemo.app */,
			);
			name = Products;
			sourceTree = "<group>";
		};
		3629A5FA2D58B47100754947 /* PhotoCameraDemo */ = {
			isa = PBXGroup;
			children = (
				3629A5FC2D58B47900754947 /* Sources */,
				3629A5F92D58B47100754947 /* Assets.xcassets */,
			);
			path = PhotoCameraDemo;
			sourceTree = "<group>";
		};
		3629A5FC2D58B47900754947 /* Sources */ = {
			isa = PBXGroup;
			children = (
				3629A6012D58B48900754947 /* CameraView */,
				3629A6022D58B48900754947 /* MainDemoView.swift */,
				3629A6032D58B48900754947 /* PhotoCameraDemoApp.swift */,
			);
			path = Sources;
			sourceTree = "<group>";
		};
		3629A6012D58B48900754947 /* CameraView */ = {
			isa = PBXGroup;
			children = (
				3629A5FD2D58B48900754947 /* UIImageCameraEx.swift */,
				3629A5FE2D58B48900754947 /* StatusOverlayView.swift */,
				3629A5FF2D58B48900754947 /* ViewfinderView.swift */,
				3629A6002D58B48900754947 /* CameraView.swift */,
			);
			path = CameraView;
			sourceTree = "<group>";
		};
		3629A60A2D58B49D00754947 /* Frameworks */ = {
			isa = PBXGroup;
			children = (
				3629A60B2D58B49D00754947 /* PhotoCamera.framework */,
			);
			name = Frameworks;
			sourceTree = "<group>";
		};
/* End PBXGroup section */

/* Begin PBXNativeTarget section */
		3629A5E72D58B36300754947 /* PhotoCameraDemo */ = {
			isa = PBXNativeTarget;
			buildConfigurationList = 3629A5F62D58B36400754947 /* Build configuration list for PBXNativeTarget "PhotoCameraDemo" */;
			buildPhases = (
				3629A5E42D58B36300754947 /* Sources */,
				3629A5E52D58B36300754947 /* Frameworks */,
				3629A5E62D58B36300754947 /* Resources */,
				3629A60E2D58B49D00754947 /* Embed Frameworks */,
			);
			buildRules = (
			);
			dependencies = (
			);
			name = PhotoCameraDemo;
			packageProductDependencies = (
			);
			productName = PhotoCameraDemo;
			productReference = 3629A5E82D58B36300754947 /* PhotoCameraDemo.app */;
			productType = "com.apple.product-type.application";
		};
/* End PBXNativeTarget section */

/* Begin PBXProject section */
		3629A5E02D58B36300754947 /* Project object */ = {
			isa = PBXProject;
			attributes = {
				BuildIndependentTargetsInParallel = 1;
				LastSwiftUpdateCheck = 1620;
				LastUpgradeCheck = 1620;
				TargetAttributes = {
					3629A5E72D58B36300754947 = {
						CreatedOnToolsVersion = 16.2;
					};
				};
			};
			buildConfigurationList = 3629A5E32D58B36300754947 /* Build configuration list for PBXProject "PhotoCameraDemo" */;
			developmentRegion = en;
			hasScannedForEncodings = 0;
			knownRegions = (
				en,
				Base,
			);
			mainGroup = 3629A5DF2D58B36300754947;
			minimizedProjectReferenceProxies = 1;
			preferredProjectObjectVersion = 77;
			productRefGroup = 3629A5E92D58B36300754947 /* Products */;
			projectDirPath = "";
			projectRoot = "";
			targets = (
				3629A5E72D58B36300754947 /* PhotoCameraDemo */,
			);
		};
/* End PBXProject section */

/* Begin PBXResourcesBuildPhase section */
		3629A5E62D58B36300754947 /* Resources */ = {
			isa = PBXResourcesBuildPhase;
			buildActionMask = 2147483647;
			files = (
				3629A5FB2D58B47100754947 /* Assets.xcassets in Resources */,
			);
			runOnlyForDeploymentPostprocessing = 0;
		};
/* End PBXResourcesBuildPhase section */

/* Begin PBXSourcesBuildPhase section */
		3629A5E42D58B36300754947 /* Sources */ = {
			isa = PBXSourcesBuildPhase;
			buildActionMask = 2147483647;
			files = (
				3629A6042D58B48900754947 /* CameraView.swift in Sources */,
				3629A6052D58B48900754947 /* UIImageCameraEx.swift in Sources */,
				3629A6062D58B48900754947 /* MainDemoView.swift in Sources */,
				3629A6072D58B48900754947 /* StatusOverlayView.swift in Sources */,
				3629A6082D58B48900754947 /* ViewfinderView.swift in Sources */,
				3629A6092D58B48900754947 /* PhotoCameraDemoApp.swift in Sources */,
			);
			runOnlyForDeploymentPostprocessing = 0;
		};
/* End PBXSourcesBuildPhase section */

/* Begin XCBuildConfiguration section */
		3629A5F42D58B36400754947 /* Debug */ = {
			isa = XCBuildConfiguration;
			buildSettings = {
				ALWAYS_SEARCH_USER_PATHS = NO;
				ASSETCATALOG_COMPILER_GENERATE_SWIFT_ASSET_SYMBOL_EXTENSIONS = YES;
				CLANG_ANALYZER_NONNULL = YES;
				CLANG_ANALYZER_NUMBER_OBJECT_CONVERSION = YES_AGGRESSIVE;
				CLANG_CXX_LANGUAGE_STANDARD = "gnu++20";
				CLANG_ENABLE_MODULES = YES;
				CLANG_ENABLE_OBJC_ARC = YES;
				CLANG_ENABLE_OBJC_WEAK = YES;
				CLANG_WARN_BLOCK_CAPTURE_AUTORELEASING = YES;
				CLANG_WARN_BOOL_CONVERSION = YES;
				CLANG_WARN_COMMA = YES;
				CLANG_WARN_CONSTANT_CONVERSION = YES;
				CLANG_WARN_DEPRECATED_OBJC_IMPLEMENTATIONS = YES;
				CLANG_WARN_DIRECT_OBJC_ISA_USAGE = YES_ERROR;
				CLANG_WARN_DOCUMENTATION_COMMENTS = YES;
				CLANG_WARN_EMPTY_BODY = YES;
				CLANG_WARN_ENUM_CONVERSION = YES;
				CLANG_WARN_INFINITE_RECURSION = YES;
				CLANG_WARN_INT_CONVERSION = YES;
				CLANG_WARN_NON_LITERAL_NULL_CONVERSION = YES;
				CLANG_WARN_OBJC_IMPLICIT_RETAIN_SELF = YES;
				CLANG_WARN_OBJC_LITERAL_CONVERSION = YES;
				CLANG_WARN_OBJC_ROOT_CLASS = YES_ERROR;
				CLANG_WARN_QUOTED_INCLUDE_IN_FRAMEWORK_HEADER = YES;
				CLANG_WARN_RANGE_LOOP_ANALYSIS = YES;
				CLANG_WARN_STRICT_PROTOTYPES = YES;
				CLANG_WARN_SUSPICIOUS_MOVE = YES;
				CLANG_WARN_UNGUARDED_AVAILABILITY = YES_AGGRESSIVE;
				CLANG_WARN_UNREACHABLE_CODE = YES;
				CLANG_WARN__DUPLICATE_METHOD_MATCH = YES;
				COPY_PHASE_STRIP = NO;
				DEBUG_INFORMATION_FORMAT = dwarf;
				ENABLE_STRICT_OBJC_MSGSEND = YES;
				ENABLE_TESTABILITY = YES;
				ENABLE_USER_SCRIPT_SANDBOXING = YES;
				GCC_C_LANGUAGE_STANDARD = gnu17;
				GCC_DYNAMIC_NO_PIC = NO;
				GCC_NO_COMMON_BLOCKS = YES;
				GCC_OPTIMIZATION_LEVEL = 0;
				GCC_PREPROCESSOR_DEFINITIONS = (
					"DEBUG=1",
					"$(inherited)",
				);
				GCC_WARN_64_TO_32_BIT_CONVERSION = YES;
				GCC_WARN_ABOUT_RETURN_TYPE = YES_ERROR;
				GCC_WARN_UNDECLARED_SELECTOR = YES;
				GCC_WARN_UNINITIALIZED_AUTOS = YES_AGGRESSIVE;
				GCC_WARN_UNUSED_FUNCTION = YES;
				GCC_WARN_UNUSED_VARIABLE = YES;
				IPHONEOS_DEPLOYMENT_TARGET = 18.2;
				LOCALIZATION_PREFERS_STRING_CATALOGS = YES;
				MTL_ENABLE_DEBUG_INFO = INCLUDE_SOURCE;
				MTL_FAST_MATH = YES;
				ONLY_ACTIVE_ARCH = YES;
				SDKROOT = iphoneos;
				SWIFT_ACTIVE_COMPILATION_CONDITIONS = "DEBUG $(inherited)";
				SWIFT_OPTIMIZATION_LEVEL = "-Onone";
				SWIFT_STRICT_CONCURRENCY = complete;
				SWIFT_VERSION = 6.0;
			};
			name = Debug;
		};
		3629A5F52D58B36400754947 /* Release */ = {
			isa = XCBuildConfiguration;
			buildSettings = {
				ALWAYS_SEARCH_USER_PATHS = NO;
				ASSETCATALOG_COMPILER_GENERATE_SWIFT_ASSET_SYMBOL_EXTENSIONS = YES;
				CLANG_ANALYZER_NONNULL = YES;
				CLANG_ANALYZER_NUMBER_OBJECT_CONVERSION = YES_AGGRESSIVE;
				CLANG_CXX_LANGUAGE_STANDARD = "gnu++20";
				CLANG_ENABLE_MODULES = YES;
				CLANG_ENABLE_OBJC_ARC = YES;
				CLANG_ENABLE_OBJC_WEAK = YES;
				CLANG_WARN_BLOCK_CAPTURE_AUTORELEASING = YES;
				CLANG_WARN_BOOL_CONVERSION = YES;
				CLANG_WARN_COMMA = YES;
				CLANG_WARN_CONSTANT_CONVERSION = YES;
				CLANG_WARN_DEPRECATED_OBJC_IMPLEMENTATIONS = YES;
				CLANG_WARN_DIRECT_OBJC_ISA_USAGE = YES_ERROR;
				CLANG_WARN_DOCUMENTATION_COMMENTS = YES;
				CLANG_WARN_EMPTY_BODY = YES;
				CLANG_WARN_ENUM_CONVERSION = YES;
				CLANG_WARN_INFINITE_RECURSION = YES;
				CLANG_WARN_INT_CONVERSION = YES;
				CLANG_WARN_NON_LITERAL_NULL_CONVERSION = YES;
				CLANG_WARN_OBJC_IMPLICIT_RETAIN_SELF = YES;
				CLANG_WARN_OBJC_LITERAL_CONVERSION = YES;
				CLANG_WARN_OBJC_ROOT_CLASS = YES_ERROR;
				CLANG_WARN_QUOTED_INCLUDE_IN_FRAMEWORK_HEADER = YES;
				CLANG_WARN_RANGE_LOOP_ANALYSIS = YES;
				CLANG_WARN_STRICT_PROTOTYPES = YES;
				CLANG_WARN_SUSPICIOUS_MOVE = YES;
				CLANG_WARN_UNGUARDED_AVAILABILITY = YES_AGGRESSIVE;
				CLANG_WARN_UNREACHABLE_CODE = YES;
				CLANG_WARN__DUPLICATE_METHOD_MATCH = YES;
				COPY_PHASE_STRIP = NO;
				DEBUG_INFORMATION_FORMAT = "dwarf-with-dsym";
				ENABLE_NS_ASSERTIONS = NO;
				ENABLE_STRICT_OBJC_MSGSEND = YES;
				ENABLE_USER_SCRIPT_SANDBOXING = YES;
				GCC_C_LANGUAGE_STANDARD = gnu17;
				GCC_NO_COMMON_BLOCKS = YES;
				GCC_WARN_64_TO_32_BIT_CONVERSION = YES;
				GCC_WARN_ABOUT_RETURN_TYPE = YES_ERROR;
				GCC_WARN_UNDECLARED_SELECTOR = YES;
				GCC_WARN_UNINITIALIZED_AUTOS = YES_AGGRESSIVE;
				GCC_WARN_UNUSED_FUNCTION = YES;
				GCC_WARN_UNUSED_VARIABLE = YES;
				IPHONEOS_DEPLOYMENT_TARGET = 18.2;
				LOCALIZATION_PREFERS_STRING_CATALOGS = YES;
				MTL_ENABLE_DEBUG_INFO = NO;
				MTL_FAST_MATH = YES;
				SDKROOT = iphoneos;
				SWIFT_COMPILATION_MODE = wholemodule;
				SWIFT_STRICT_CONCURRENCY = complete;
				SWIFT_VERSION = 6.0;
				VALIDATE_PRODUCT = YES;
			};
			name = Release;
		};
		3629A5F72D58B36400754947 /* Debug */ = {
			isa = XCBuildConfiguration;
			buildSettings = {
				ASSETCATALOG_COMPILER_APPICON_NAME = AppIcon;
				ASSETCATALOG_COMPILER_GLOBAL_ACCENT_COLOR_NAME = AccentColor;
				CODE_SIGN_STYLE = Automatic;
				CURRENT_PROJECT_VERSION = 1;
				DEVELOPMENT_TEAM = 639KEQWW6F;
				ENABLE_PREVIEWS = YES;
				GENERATE_INFOPLIST_FILE = YES;
				INFOPLIST_KEY_CFBundleDisplayName = "Photo Camera Demo";
				INFOPLIST_KEY_LSApplicationCategoryType = "public.app-category.photography";
				INFOPLIST_KEY_NSCameraUsageDescription = "To capture photos and videos.";
				INFOPLIST_KEY_UIApplicationSceneManifest_Generation = YES;
				INFOPLIST_KEY_UIApplicationSupportsIndirectInputEvents = YES;
				INFOPLIST_KEY_UILaunchScreen_Generation = YES;
				INFOPLIST_KEY_UISupportedInterfaceOrientations = UIInterfaceOrientationPortrait;
				INFOPLIST_KEY_UISupportedInterfaceOrientations_iPad = "UIInterfaceOrientationLandscapeLeft UIInterfaceOrientationLandscapeRight UIInterfaceOrientationPortrait UIInterfaceOrientationPortraitUpsideDown";
				IPHONEOS_DEPLOYMENT_TARGET = 18.0;
				LD_RUNPATH_SEARCH_PATHS = (
					"$(inherited)",
					"@executable_path/Frameworks",
				);
				MARKETING_VERSION = 1.0;
				PRODUCT_BUNDLE_IDENTIFIER = com.melikyan.PhotoCameraDemo;
				PRODUCT_NAME = "$(TARGET_NAME)";
				SUPPORTED_PLATFORMS = "iphoneos iphonesimulator";
				SUPPORTS_MACCATALYST = NO;
				SUPPORTS_XR_DESIGNED_FOR_IPHONE_IPAD = NO;
				SWIFT_EMIT_LOC_STRINGS = YES;
				TARGETED_DEVICE_FAMILY = "1,2";
			};
			name = Debug;
		};
		3629A5F82D58B36400754947 /* Release */ = {
			isa = XCBuildConfiguration;
			buildSettings = {
				ASSETCATALOG_COMPILER_APPICON_NAME = AppIcon;
				ASSETCATALOG_COMPILER_GLOBAL_ACCENT_COLOR_NAME = AccentColor;
				CODE_SIGN_STYLE = Automatic;
				CURRENT_PROJECT_VERSION = 1;
				DEVELOPMENT_TEAM = 639KEQWW6F;
				ENABLE_PREVIEWS = YES;
				GENERATE_INFOPLIST_FILE = YES;
				INFOPLIST_KEY_CFBundleDisplayName = "Photo Camera Demo";
				INFOPLIST_KEY_LSApplicationCategoryType = "public.app-category.photography";
				INFOPLIST_KEY_NSCameraUsageDescription = "To capture photos and videos.";
				INFOPLIST_KEY_UIApplicationSceneManifest_Generation = YES;
				INFOPLIST_KEY_UIApplicationSupportsIndirectInputEvents = YES;
				INFOPLIST_KEY_UILaunchScreen_Generation = YES;
				INFOPLIST_KEY_UISupportedInterfaceOrientations = UIInterfaceOrientationPortrait;
				INFOPLIST_KEY_UISupportedInterfaceOrientations_iPad = "UIInterfaceOrientationLandscapeLeft UIInterfaceOrientationLandscapeRight UIInterfaceOrientationPortrait UIInterfaceOrientationPortraitUpsideDown";
				IPHONEOS_DEPLOYMENT_TARGET = 18.0;
				LD_RUNPATH_SEARCH_PATHS = (
					"$(inherited)",
					"@executable_path/Frameworks",
				);
				MARKETING_VERSION = 1.0;
				PRODUCT_BUNDLE_IDENTIFIER = com.melikyan.PhotoCameraDemo;
				PRODUCT_NAME = "$(TARGET_NAME)";
				SUPPORTED_PLATFORMS = "iphoneos iphonesimulator";
				SUPPORTS_MACCATALYST = NO;
				SUPPORTS_XR_DESIGNED_FOR_IPHONE_IPAD = NO;
				SWIFT_EMIT_LOC_STRINGS = YES;
				TARGETED_DEVICE_FAMILY = "1,2";
			};
			name = Release;
		};
/* End XCBuildConfiguration section */

/* Begin XCConfigurationList section */
		3629A5E32D58B36300754947 /* Build configuration list for PBXProject "PhotoCameraDemo" */ = {
			isa = XCConfigurationList;
			buildConfigurations = (
				3629A5F42D58B36400754947 /* Debug */,
				3629A5F52D58B36400754947 /* Release */,
			);
			defaultConfigurationIsVisible = 0;
			defaultConfigurationName = Release;
		};
		3629A5F62D58B36400754947 /* Build configuration list for PBXNativeTarget "PhotoCameraDemo" */ = {
			isa = XCConfigurationList;
			buildConfigurations = (
				3629A5F72D58B36400754947 /* Debug */,
				3629A5F82D58B36400754947 /* Release */,
			);
			defaultConfigurationIsVisible = 0;
			defaultConfigurationName = Release;
		};
/* End XCConfigurationList section */
	};
	rootObject = 3629A5E02D58B36300754947 /* Project object */;
}
